
Microsoft Visual Studio Solution File, Format Version 12.00
Project("{FAE04EC0-301F-11D3-BF4B-00C04F79EFBC}") = "CsFun3", "CsFun3\CsFun3.csproj", "{0667C3D3-72C3-4649-BB88-1BB25CA23649}"
EndProject
Global
	GlobalSection(SolutionConfigurationPlatforms) = preSolution
		Debug|Any CPU = Debug|Any CPU
		Release|Any CPU = Release|Any CPU
	EndGlobalSection
	GlobalSection(ProjectConfigurationPlatforms) = postSolution
		{0667C3D3-72C3-4649-BB88-1BB25CA23649}.Debug|Any CPU.ActiveCfg = Debug|Any CPU
		{0667C3D3-72C3-4649-BB88-1BB25CA23649}.Debug|Any CPU.Build.0 = Debug|Any CPU
		{0667C3D3-72C3-4649-BB88-1BB25CA23649}.Release|Any CPU.ActiveCfg = Release|Any CPU
		{0667C3D3-72C3-4649-BB88-1BB25CA23649}.Release|Any CPU.Build.0 = Release|Any CPU
	EndGlobalSection
EndGlobal
